
Microsoft Visual Studio Solution File, Format Version 12.00
# Visual Studio Version 16
VisualStudioVersion = 16.0.29418.71
MinimumVisualStudioVersion = 10.0.40219.1
Project("{FAE04EC0-301F-11D3-BF4B-00C04F79EFBC}") = "DynamicDemoNetFX", "DynamicDemoNetFX\DynamicDemoNetFX.csproj", "{D0E26D32-BDC7-4CC5-8283-39B708E473AB}"
EndProject
Project("{9A19103F-16F7-4668-BE54-9A1E7A4F7556}") = "DynamicDemoNetCore", "DynamicDemoNetCore\DynamicDemoNetCore.csproj", "{9519EDEC-485E-4BEA-90C7-18309964AEE8}"
EndProject
Global
	GlobalSection(SolutionConfigurationPlatforms) = preSolution
		Debug|Any CPU = Debug|Any CPU
		Release|Any CPU = Release|Any CPU
	EndGlobalSection
	GlobalSection(ProjectConfigurationPlatforms) = postSolution
		{D0E26D32-BDC7-4CC5-8283-39B708E473AB}.Debug|Any CPU.ActiveCfg = Debug|Any CPU
		{D0E26D32-BDC7-4CC5-8283-39B708E473AB}.Debug|Any CPU.Build.0 = Debug|Any CPU
		{D0E26D32-BDC7-4CC5-8283-39B708E473AB}.Release|Any CPU.ActiveCfg = Release|Any CPU
		{D0E26D32-BDC7-4CC5-8283-39B708E473AB}.Release|Any CPU.Build.0 = Release|Any CPU
		{9519EDEC-485E-4BEA-90C7-18309964AEE8}.Debug|Any CPU.ActiveCfg = Debug|Any CPU
		{9519EDEC-485E-4BEA-90C7-18309964AEE8}.Debug|Any CPU.Build.0 = Debug|Any CPU
		{9519EDEC-485E-4BEA-90C7-18309964AEE8}.Release|Any CPU.ActiveCfg = Release|Any CPU
		{9519EDEC-485E-4BEA-90C7-18309964AEE8}.Release|Any CPU.Build.0 = Release|Any CPU
	EndGlobalSection
	GlobalSection(SolutionProperties) = preSolution
		HideSolutionNode = FALSE
	EndGlobalSection
	GlobalSection(ExtensibilityGlobals) = postSolution
		SolutionGuid = {338FB41F-477D-4BEC-8F7B-EFE44C3921C3}
	EndGlobalSection
EndGlobal
